
Microsoft Visual Studio Solution File, Format Version 12.00
# Visual Studio 15
Project("{FAE04EC0-301F-11D3-BF4B-00C04F79EFBC}") = "Assembly-CSharp", "Assembly-CSharp.csproj", "{DB1EC3F2-5EE2-C2FE-DCF7-9C4246A8F6D0}"
EndProject
Project("{FAE04EC0-301F-11D3-BF4B-00C04F79EFBC}") = "NavMeshComponents", "NavMeshComponents.csproj", "{36E0AFB3-9378-8E69-EC0D-8A01C93F2AE0}"
EndProject
Project("{FAE04EC0-301F-11D3-BF4B-00C04F79EFBC}") = "NavMeshComponentsEditor", "NavMeshComponentsEditor.csproj", "{2F86F399-9AF2-12BF-89BA-08CB4AA3C989}"
EndProject
Global
	GlobalSection(SolutionConfigurationPlatforms) = preSolution
		Debug|Any CPU = Debug|Any CPU
		Release|Any CPU = Release|Any CPU
	EndGlobalSection
	GlobalSection(ProjectConfigurationPlatforms) = postSolution
		{DB1EC3F2-5EE2-C2FE-DCF7-9C4246A8F6D0}.Debug|Any CPU.ActiveCfg = Debug|Any CPU
		{DB1EC3F2-5EE2-C2FE-DCF7-9C4246A8F6D0}.Debug|Any CPU.Build.0 = Debug|Any CPU
		{DB1EC3F2-5EE2-C2FE-DCF7-9C4246A8F6D0}.Release|Any CPU.ActiveCfg = Release|Any CPU
		{DB1EC3F2-5EE2-C2FE-DCF7-9C4246A8F6D0}.Release|Any CPU.Build.0 = Release|Any CPU
		{36E0AFB3-9378-8E69-EC0D-8A01C93F2AE0}.Debug|Any CPU.ActiveCfg = Debug|Any CPU
		{36E0AFB3-9378-8E69-EC0D-8A01C93F2AE0}.Debug|Any CPU.Build.0 = Debug|Any CPU
		{36E0AFB3-9378-8E69-EC0D-8A01C93F2AE0}.Release|Any CPU.ActiveCfg = Release|Any CPU
		{36E0AFB3-9378-8E69-EC0D-8A01C93F2AE0}.Release|Any CPU.Build.0 = Release|Any CPU
		{2F86F399-9AF2-12BF-89BA-08CB4AA3C989}.Debug|Any CPU.ActiveCfg = Debug|Any CPU
		{2F86F399-9AF2-12BF-89BA-08CB4AA3C989}.Debug|Any CPU.Build.0 = Debug|Any CPU
		{2F86F399-9AF2-12BF-89BA-08CB4AA3C989}.Release|Any CPU.ActiveCfg = Release|Any CPU
		{2F86F399-9AF2-12BF-89BA-08CB4AA3C989}.Release|Any CPU.Build.0 = Release|Any CPU
	EndGlobalSection
	GlobalSection(SolutionProperties) = preSolution
		HideSolutionNode = FALSE
	EndGlobalSection
EndGlobal
